PODS:
  - Facia (1.1.2)
  - facia_mobilesdk (1.1.2):
    - Facia (~> 1.1.2)
    - Flutter
  - Flutter (1.0.0)

DEPENDENCIES:
  - facia_mobilesdk (from `.symlinks/plugins/facia_mobilesdk/ios`)
  - Flutter (from `Flutter`)

SPEC REPOS:
  trunk:
    - Facia

EXTERNAL SOURCES:
  facia_mobilesdk:
    :path: ".symlinks/plugins/facia_mobilesdk/ios"
  Flutter:
    :path: Flutter

SPEC CHECKSUMS:
  Facia: 5775a549f4de45d42174f6bccbf03063af25b9f0
  facia_mobilesdk: 4600e53e2c2c92429e9ed10166759ed61b15e619
  Flutter: e0871f40cf51350855a761d2e70bf5af5b9b5de7

PODFILE CHECKSUM: 819463e6a0290f5a72f145ba7cde16e8b6ef0796

COCOAPODS: 1.14.3
