PODS:
  - Facia (1.1.4)
  - facia_mobilesdk (1.1.4):
    - Facia (~> 1.1.4)
    - Flutter
  - Flutter (1.0.0)

DEPENDENCIES:
  - facia_mobilesdk (from `.symlinks/plugins/facia_mobilesdk/ios`)
  - Flutter (from `Flutter`)

SPEC REPOS:
  trunk:
    - Facia

EXTERNAL SOURCES:
  facia_mobilesdk:
    :path: ".symlinks/plugins/facia_mobilesdk/ios"
  Flutter:
    :path: Flutter

SPEC CHECKSUMS:
  Facia: 7086344671cfd83419ad9d65d4454e25fee0b93f
  facia_mobilesdk: d1fb05df2859c44882475ae8fbeafce3189ee740
  Flutter: e0871f40cf51350855a761d2e70bf5af5b9b5de7

PODFILE CHECKSUM: 819463e6a0290f5a72f145ba7cde16e8b6ef0796

COCOAPODS: 1.14.3
